
Microsoft Visual Studio Solution File, Format Version 12.00
# Visual Studio Version 17
VisualStudioVersion = 17.2.32526.322
MinimumVisualStudioVersion = 10.0.40219.1
Project("{FAE04EC0-301F-11D3-BF4B-00C04F79EFBC}") = "Patterns", "Patterns\Patterns.csproj", "{4D1DC957-54DB-47BF-9516-0E082BF5BC4C}"
EndProject
Project("{FAE04EC0-301F-11D3-BF4B-00C04F79EFBC}") = "Strategy", "Strategy\Strategy.csproj", "{FEF53104-2E84-4FBD-9CBC-776342D789C3}"
EndProject
Project("{FAE04EC0-301F-11D3-BF4B-00C04F79EFBC}") = "TemplateMethod", "TemplateMethod\TemplateMethod.csproj", "{C40FB854-2482-4518-9F4D-08017A7748E0}"
EndProject
Project("{FAE04EC0-301F-11D3-BF4B-00C04F79EFBC}") = "Mediator", "Mediator\Mediator.csproj", "{AECF3254-832E-4C25-A5CE-355F10BB1564}"
EndProject
Project("{FAE04EC0-301F-11D3-BF4B-00C04F79EFBC}") = "Iterator", "Iterator\Iterator.csproj", "{C8B3A3EE-ACB9-4255-86C4-E0321AE6BAFC}"
EndProject
Project("{FAE04EC0-301F-11D3-BF4B-00C04F79EFBC}") = "Observer", "Observer\Observer.csproj", "{14EFAC43-CFC4-43C0-A228-6B4FDF190987}"
EndProject
Project("{FAE04EC0-301F-11D3-BF4B-00C04F79EFBC}") = "Visitor", "Visitor\Visitor.csproj", "{5741B889-D27A-4E6A-9D98-64C2276BC925}"
EndProject
Project("{2150E333-8FDC-42A3-9474-1A3956D46DE8}") = "Behavior", "Behavior", "{7D342D84-5892-4E29-B207-D1384E3C0191}"
EndProject
Project("{FAE04EC0-301F-11D3-BF4B-00C04F79EFBC}") = "Command", "Command\Command.csproj", "{E67FE00D-703C-4385-AD1A-BD46FE02796A}"
EndProject
Project("{FAE04EC0-301F-11D3-BF4B-00C04F79EFBC}") = "State", "State\State.csproj", "{5C8A1F82-0E2C-4A8A-895C-5B3E6D46E617}"
EndProject
Project("{FAE04EC0-301F-11D3-BF4B-00C04F79EFBC}") = "ChainOfResponsibility", "ChainOfResponsibility\ChainOfResponsibility.csproj", "{4398D528-6331-48F6-9014-4FF86608A7DD}"
EndProject
Project("{FAE04EC0-301F-11D3-BF4B-00C04F79EFBC}") = "Memento", "Memento\Memento.csproj", "{48ED6FF1-47DE-45F4-8188-FCD82C75F358}"
EndProject
Project("{FAE04EC0-301F-11D3-BF4B-00C04F79EFBC}") = "Interpreter", "Interpreter\Interpreter.csproj", "{5B35F6B9-5B78-4A49-BA5A-D3C4EF9D825B}"
EndProject
Project("{2150E333-8FDC-42A3-9474-1A3956D46DE8}") = "Generative", "Generative", "{D3E1587E-6A73-466C-B399-10E528E57C4B}"
EndProject
Project("{FAE04EC0-301F-11D3-BF4B-00C04F79EFBC}") = "Singleton", "Singleton\Singleton.csproj", "{24E6F286-3658-4B72-9421-3F2C1A93C7E1}"
EndProject
Project("{FAE04EC0-301F-11D3-BF4B-00C04F79EFBC}") = "AbstractFactory", "AbstractFactory\AbstractFactory.csproj", "{EB428D3F-B0E2-4D77-B4ED-6F4A0461C51B}"
EndProject
Project("{FAE04EC0-301F-11D3-BF4B-00C04F79EFBC}") = "FactoryMethod", "FactoryMethod\FactoryMethod.csproj", "{FF03BA51-8893-4D40-8DA9-6215EA39A52D}"
EndProject
Project("{FAE04EC0-301F-11D3-BF4B-00C04F79EFBC}") = "Builder", "Builder\Builder.csproj", "{9077F39E-ED43-4B0F-92CA-868BD41EC29D}"
EndProject
Project("{FAE04EC0-301F-11D3-BF4B-00C04F79EFBC}") = "Prototype", "Prototype\Prototype.csproj", "{5E86DE45-5896-44F5-8E0B-070D150EB004}"
EndProject
Project("{2150E333-8FDC-42A3-9474-1A3956D46DE8}") = "Structural", "Structural", "{F2DE7A4F-3747-4D3F-A593-2579EC7274A8}"
EndProject
Project("{FAE04EC0-301F-11D3-BF4B-00C04F79EFBC}") = "Adapter", "Adapter\Adapter.csproj", "{10BAAE70-1A43-4D9B-975F-4F8512669990}"
EndProject
Project("{FAE04EC0-301F-11D3-BF4B-00C04F79EFBC}") = "Facade", "Facade\Facade.csproj", "{42FB1DDE-C68F-4420-AB30-B2DE6FC56978}"
EndProject
Global
	GlobalSection(SolutionConfigurationPlatforms) = preSolution
		Debug|Any CPU = Debug|Any CPU
		Release|Any CPU = Release|Any CPU
	EndGlobalSection
	GlobalSection(ProjectConfigurationPlatforms) = postSolution
		{4D1DC957-54DB-47BF-9516-0E082BF5BC4C}.Debug|Any CPU.ActiveCfg = Debug|Any CPU
		{4D1DC957-54DB-47BF-9516-0E082BF5BC4C}.Debug|Any CPU.Build.0 = Debug|Any CPU
		{4D1DC957-54DB-47BF-9516-0E082BF5BC4C}.Release|Any CPU.ActiveCfg = Release|Any CPU
		{4D1DC957-54DB-47BF-9516-0E082BF5BC4C}.Release|Any CPU.Build.0 = Release|Any CPU
		{FEF53104-2E84-4FBD-9CBC-776342D789C3}.Debug|Any CPU.ActiveCfg = Debug|Any CPU
		{FEF53104-2E84-4FBD-9CBC-776342D789C3}.Debug|Any CPU.Build.0 = Debug|Any CPU
		{FEF53104-2E84-4FBD-9CBC-776342D789C3}.Release|Any CPU.ActiveCfg = Release|Any CPU
		{FEF53104-2E84-4FBD-9CBC-776342D789C3}.Release|Any CPU.Build.0 = Release|Any CPU
		{C40FB854-2482-4518-9F4D-08017A7748E0}.Debug|Any CPU.ActiveCfg = Debug|Any CPU
		{C40FB854-2482-4518-9F4D-08017A7748E0}.Debug|Any CPU.Build.0 = Debug|Any CPU
		{C40FB854-2482-4518-9F4D-08017A7748E0}.Release|Any CPU.ActiveCfg = Release|Any CPU
		{C40FB854-2482-4518-9F4D-08017A7748E0}.Release|Any CPU.Build.0 = Release|Any CPU
		{AECF3254-832E-4C25-A5CE-355F10BB1564}.Debug|Any CPU.ActiveCfg = Debug|Any CPU
		{AECF3254-832E-4C25-A5CE-355F10BB1564}.Debug|Any CPU.Build.0 = Debug|Any CPU
		{AECF3254-832E-4C25-A5CE-355F10BB1564}.Release|Any CPU.ActiveCfg = Release|Any CPU
		{AECF3254-832E-4C25-A5CE-355F10BB1564}.Release|Any CPU.Build.0 = Release|Any CPU
		{C8B3A3EE-ACB9-4255-86C4-E0321AE6BAFC}.Debug|Any CPU.ActiveCfg = Debug|Any CPU
		{C8B3A3EE-ACB9-4255-86C4-E0321AE6BAFC}.Debug|Any CPU.Build.0 = Debug|Any CPU
		{C8B3A3EE-ACB9-4255-86C4-E0321AE6BAFC}.Release|Any CPU.ActiveCfg = Release|Any CPU
		{C8B3A3EE-ACB9-4255-86C4-E0321AE6BAFC}.Release|Any CPU.Build.0 = Release|Any CPU
		{14EFAC43-CFC4-43C0-A228-6B4FDF190987}.Debug|Any CPU.ActiveCfg = Debug|Any CPU
		{14EFAC43-CFC4-43C0-A228-6B4FDF190987}.Debug|Any CPU.Build.0 = Debug|Any CPU
		{14EFAC43-CFC4-43C0-A228-6B4FDF190987}.Release|Any CPU.ActiveCfg = Release|Any CPU
		{14EFAC43-CFC4-43C0-A228-6B4FDF190987}.Release|Any CPU.Build.0 = Release|Any CPU
		{5741B889-D27A-4E6A-9D98-64C2276BC925}.Debug|Any CPU.ActiveCfg = Debug|Any CPU
		{5741B889-D27A-4E6A-9D98-64C2276BC925}.Debug|Any CPU.Build.0 = Debug|Any CPU
		{5741B889-D27A-4E6A-9D98-64C2276BC925}.Release|Any CPU.ActiveCfg = Release|Any CPU
		{5741B889-D27A-4E6A-9D98-64C2276BC925}.Release|Any CPU.Build.0 = Release|Any CPU
		{E67FE00D-703C-4385-AD1A-BD46FE02796A}.Debug|Any CPU.ActiveCfg = Debug|Any CPU
		{E67FE00D-703C-4385-AD1A-BD46FE02796A}.Debug|Any CPU.Build.0 = Debug|Any CPU
		{E67FE00D-703C-4385-AD1A-BD46FE02796A}.Release|Any CPU.ActiveCfg = Release|Any CPU
		{E67FE00D-703C-4385-AD1A-BD46FE02796A}.Release|Any CPU.Build.0 = Release|Any CPU
		{5C8A1F82-0E2C-4A8A-895C-5B3E6D46E617}.Debug|Any CPU.ActiveCfg = Debug|Any CPU
		{5C8A1F82-0E2C-4A8A-895C-5B3E6D46E617}.Debug|Any CPU.Build.0 = Debug|Any CPU
		{5C8A1F82-0E2C-4A8A-895C-5B3E6D46E617}.Release|Any CPU.ActiveCfg = Release|Any CPU
		{5C8A1F82-0E2C-4A8A-895C-5B3E6D46E617}.Release|Any CPU.Build.0 = Release|Any CPU
		{4398D528-6331-48F6-9014-4FF86608A7DD}.Debug|Any CPU.ActiveCfg = Debug|Any CPU
		{4398D528-6331-48F6-9014-4FF86608A7DD}.Debug|Any CPU.Build.0 = Debug|Any CPU
		{4398D528-6331-48F6-9014-4FF86608A7DD}.Release|Any CPU.ActiveCfg = Release|Any CPU
		{4398D528-6331-48F6-9014-4FF86608A7DD}.Release|Any CPU.Build.0 = Release|Any CPU
		{48ED6FF1-47DE-45F4-8188-FCD82C75F358}.Debug|Any CPU.ActiveCfg = Debug|Any CPU
		{48ED6FF1-47DE-45F4-8188-FCD82C75F358}.Debug|Any CPU.Build.0 = Debug|Any CPU
		{48ED6FF1-47DE-45F4-8188-FCD82C75F358}.Release|Any CPU.ActiveCfg = Release|Any CPU
		{48ED6FF1-47DE-45F4-8188-FCD82C75F358}.Release|Any CPU.Build.0 = Release|Any CPU
		{5B35F6B9-5B78-4A49-BA5A-D3C4EF9D825B}.Debug|Any CPU.ActiveCfg = Debug|Any CPU
		{5B35F6B9-5B78-4A49-BA5A-D3C4EF9D825B}.Debug|Any CPU.Build.0 = Debug|Any CPU
		{5B35F6B9-5B78-4A49-BA5A-D3C4EF9D825B}.Release|Any CPU.ActiveCfg = Release|Any CPU
		{5B35F6B9-5B78-4A49-BA5A-D3C4EF9D825B}.Release|Any CPU.Build.0 = Release|Any CPU
		{24E6F286-3658-4B72-9421-3F2C1A93C7E1}.Debug|Any CPU.ActiveCfg = Debug|Any CPU
		{24E6F286-3658-4B72-9421-3F2C1A93C7E1}.Debug|Any CPU.Build.0 = Debug|Any CPU
		{24E6F286-3658-4B72-9421-3F2C1A93C7E1}.Release|Any CPU.ActiveCfg = Release|Any CPU
		{24E6F286-3658-4B72-9421-3F2C1A93C7E1}.Release|Any CPU.Build.0 = Release|Any CPU
		{EB428D3F-B0E2-4D77-B4ED-6F4A0461C51B}.Debug|Any CPU.ActiveCfg = Debug|Any CPU
		{EB428D3F-B0E2-4D77-B4ED-6F4A0461C51B}.Debug|Any CPU.Build.0 = Debug|Any CPU
		{EB428D3F-B0E2-4D77-B4ED-6F4A0461C51B}.Release|Any CPU.ActiveCfg = Release|Any CPU
		{EB428D3F-B0E2-4D77-B4ED-6F4A0461C51B}.Release|Any CPU.Build.0 = Release|Any CPU
		{FF03BA51-8893-4D40-8DA9-6215EA39A52D}.Debug|Any CPU.ActiveCfg = Debug|Any CPU
		{FF03BA51-8893-4D40-8DA9-6215EA39A52D}.Debug|Any CPU.Build.0 = Debug|Any CPU
		{FF03BA51-8893-4D40-8DA9-6215EA39A52D}.Release|Any CPU.ActiveCfg = Release|Any CPU
		{FF03BA51-8893-4D40-8DA9-6215EA39A52D}.Release|Any CPU.Build.0 = Release|Any CPU
		{9077F39E-ED43-4B0F-92CA-868BD41EC29D}.Debug|Any CPU.ActiveCfg = Debug|Any CPU
		{9077F39E-ED43-4B0F-92CA-868BD41EC29D}.Debug|Any CPU.Build.0 = Debug|Any CPU
		{9077F39E-ED43-4B0F-92CA-868BD41EC29D}.Release|Any CPU.ActiveCfg = Release|Any CPU
		{9077F39E-ED43-4B0F-92CA-868BD41EC29D}.Release|Any CPU.Build.0 = Release|Any CPU
		{5E86DE45-5896-44F5-8E0B-070D150EB004}.Debug|Any CPU.ActiveCfg = Debug|Any CPU
		{5E86DE45-5896-44F5-8E0B-070D150EB004}.Debug|Any CPU.Build.0 = Debug|Any CPU
		{5E86DE45-5896-44F5-8E0B-070D150EB004}.Release|Any CPU.ActiveCfg = Release|Any CPU
		{5E86DE45-5896-44F5-8E0B-070D150EB004}.Release|Any CPU.Build.0 = Release|Any CPU
		{10BAAE70-1A43-4D9B-975F-4F8512669990}.Debug|Any CPU.ActiveCfg = Debug|Any CPU
		{10BAAE70-1A43-4D9B-975F-4F8512669990}.Debug|Any CPU.Build.0 = Debug|Any CPU
		{10BAAE70-1A43-4D9B-975F-4F8512669990}.Release|Any CPU.ActiveCfg = Release|Any CPU
		{10BAAE70-1A43-4D9B-975F-4F8512669990}.Release|Any CPU.Build.0 = Release|Any CPU
		{42FB1DDE-C68F-4420-AB30-B2DE6FC56978}.Debug|Any CPU.ActiveCfg = Debug|Any CPU
		{42FB1DDE-C68F-4420-AB30-B2DE6FC56978}.Debug|Any CPU.Build.0 = Debug|Any CPU
		{42FB1DDE-C68F-4420-AB30-B2DE6FC56978}.Release|Any CPU.ActiveCfg = Release|Any CPU
		{42FB1DDE-C68F-4420-AB30-B2DE6FC56978}.Release|Any CPU.Build.0 = Release|Any CPU
	EndGlobalSection
	GlobalSection(SolutionProperties) = preSolution
		HideSolutionNode = FALSE
	EndGlobalSection
	GlobalSection(NestedProjects) = preSolution
		{FEF53104-2E84-4FBD-9CBC-776342D789C3} = {7D342D84-5892-4E29-B207-D1384E3C0191}
		{C40FB854-2482-4518-9F4D-08017A7748E0} = {7D342D84-5892-4E29-B207-D1384E3C0191}
		{AECF3254-832E-4C25-A5CE-355F10BB1564} = {7D342D84-5892-4E29-B207-D1384E3C0191}
		{C8B3A3EE-ACB9-4255-86C4-E0321AE6BAFC} = {7D342D84-5892-4E29-B207-D1384E3C0191}
		{14EFAC43-CFC4-43C0-A228-6B4FDF190987} = {7D342D84-5892-4E29-B207-D1384E3C0191}
		{5741B889-D27A-4E6A-9D98-64C2276BC925} = {7D342D84-5892-4E29-B207-D1384E3C0191}
		{E67FE00D-703C-4385-AD1A-BD46FE02796A} = {7D342D84-5892-4E29-B207-D1384E3C0191}
		{5C8A1F82-0E2C-4A8A-895C-5B3E6D46E617} = {7D342D84-5892-4E29-B207-D1384E3C0191}
		{4398D528-6331-48F6-9014-4FF86608A7DD} = {7D342D84-5892-4E29-B207-D1384E3C0191}
		{48ED6FF1-47DE-45F4-8188-FCD82C75F358} = {7D342D84-5892-4E29-B207-D1384E3C0191}
		{5B35F6B9-5B78-4A49-BA5A-D3C4EF9D825B} = {7D342D84-5892-4E29-B207-D1384E3C0191}
		{24E6F286-3658-4B72-9421-3F2C1A93C7E1} = {D3E1587E-6A73-466C-B399-10E528E57C4B}
		{EB428D3F-B0E2-4D77-B4ED-6F4A0461C51B} = {D3E1587E-6A73-466C-B399-10E528E57C4B}
		{FF03BA51-8893-4D40-8DA9-6215EA39A52D} = {D3E1587E-6A73-466C-B399-10E528E57C4B}
		{9077F39E-ED43-4B0F-92CA-868BD41EC29D} = {D3E1587E-6A73-466C-B399-10E528E57C4B}
		{5E86DE45-5896-44F5-8E0B-070D150EB004} = {D3E1587E-6A73-466C-B399-10E528E57C4B}
		{10BAAE70-1A43-4D9B-975F-4F8512669990} = {F2DE7A4F-3747-4D3F-A593-2579EC7274A8}
		{42FB1DDE-C68F-4420-AB30-B2DE6FC56978} = {F2DE7A4F-3747-4D3F-A593-2579EC7274A8}
	EndGlobalSection
	GlobalSection(ExtensibilityGlobals) = postSolution
		SolutionGuid = {672D1490-9F56-4367-8E1B-8B1D91148DDB}
	EndGlobalSection
EndGlobal
